// !$*UTF8*$!
{
	archiveVersion = 1;
	classes = {
	};
	objectVersion = 50;
	objects = {

/* Begin PBXBuildFile section */
		1B7C8644258D124C0013917D /* AppDelegate.swift in Sources */ = {isa = PBXBuildFile; fileRef = 1B7C8643258D124C0013917D /* AppDelegate.swift */; };
		1B7C8646258D124C0013917D /* ViewController.swift in Sources */ = {isa = PBXBuildFile; fileRef = 1B7C8645258D124C0013917D /* ViewController.swift */; };
		1B7C8649258D124C0013917D /* Main.storyboard in Resources */ = {isa = PBXBuildFile; fileRef = 1B7C8647258D124C0013917D /* Main.storyboard */; };
		1B7C864B258D124F0013917D /* Assets.xcassets in Resources */ = {isa = PBXBuildFile; fileRef = 1B7C864A258D124F0013917D /* Assets.xcassets */; };
		1B7C864E258D124F0013917D /* LaunchScreen.storyboard in Resources */ = {isa = PBXBuildFile; fileRef = 1B7C864C258D124F0013917D /* LaunchScreen.storyboard */; };
		1B8280582593686D009FD741 /* AdicionarItensViewController.swift in Sources */ = {isa = PBXBuildFile; fileRef = 1B8280562593686D009FD741 /* AdicionarItensViewController.swift */; };
		1B8280592593686D009FD741 /* AdicionarItensViewController.xib in Resources */ = {isa = PBXBuildFile; fileRef = 1B8280572593686D009FD741 /* AdicionarItensViewController.xib */; };
		1B82805B2593D345009FD741 /* Alerta.swift in Sources */ = {isa = PBXBuildFile; fileRef = 1B82805A2593D345009FD741 /* Alerta.swift */; };
		1BE2AD7325910E8600E888ED /* Refeicao.swift in Sources */ = {isa = PBXBuildFile; fileRef = 1BE2AD7225910E8600E888ED /* Refeicao.swift */; };
		1BE2AD752591134E00E888ED /* Item.swift in Sources */ = {isa = PBXBuildFile; fileRef = 1BE2AD742591134E00E888ED /* Item.swift */; };
		1BF5AA1E259142F000AF8DE6 /* RefeicoesTableViewController.swift in Sources */ = {isa = PBXBuildFile; fileRef = 1BF5AA1D259142F000AF8DE6 /* RefeicoesTableViewController.swift */; };
/* End PBXBuildFile section */

/* Begin PBXFileReference section */
		1B7C8640258D124C0013917D /* projeto-eggplant.app */ = {isa = PBXFileReference; explicitFileType = wrapper.application; includeInIndex = 0; path = "projeto-eggplant.app"; sourceTree = BUILT_PRODUCTS_DIR; };
		1B7C8643258D124C0013917D /* AppDelegate.swift */ = {isa = PBXFileReference; lastKnownFileType = sourcecode.swift; path = AppDelegate.swift; sourceTree = "<group>"; };
		1B7C8645258D124C0013917D /* ViewController.swift */ = {isa = PBXFileReference; lastKnownFileType = sourcecode.swift; path = ViewController.swift; sourceTree = "<group>"; };
		1B7C8648258D124C0013917D /* Base */ = {isa = PBXFileReference; lastKnownFileType = file.storyboard; name = Base; path = Base.lproj/Main.storyboard; sourceTree = "<group>"; };
		1B7C864A258D124F0013917D /* Assets.xcassets */ = {isa = PBXFileReference; lastKnownFileType = folder.assetcatalog; path = Assets.xcassets; sourceTree = "<group>"; };
		1B7C864D258D124F0013917D /* Base */ = {isa = PBXFileReference; lastKnownFileType = file.storyboard; name = Base; path = Base.lproj/LaunchScreen.storyboard; sourceTree = "<group>"; };
		1B7C864F258D124F0013917D /* Info.plist */ = {isa = PBXFileReference; lastKnownFileType = text.plist.xml; path = Info.plist; sourceTree = "<group>"; };
		1B8280562593686D009FD741 /* AdicionarItensViewController.swift */ = {isa = PBXFileReference; lastKnownFileType = sourcecode.swift; path = AdicionarItensViewController.swift; sourceTree = "<group>"; };
		1B8280572593686D009FD741 /* AdicionarItensViewController.xib */ = {isa = PBXFileReference; lastKnownFileType = file.xib; path = AdicionarItensViewController.xib; sourceTree = "<group>"; };
		1B82805A2593D345009FD741 /* Alerta.swift */ = {isa = PBXFileReference; lastKnownFileType = sourcecode.swift; path = Alerta.swift; sourceTree = "<group>"; };
		1B95147F258D1750004F90E7 /* MyPlayground.playground */ = {isa = PBXFileReference; lastKnownFileType = file.playground; name = MyPlayground.playground; path = "../../../../../Library/Autosave Information/MyPlayground.playground"; sourceTree = "<group>"; xcLanguageSpecificationIdentifier = xcode.lang.swift; };
		1BE2AD7225910E8600E888ED /* Refeicao.swift */ = {isa = PBXFileReference; lastKnownFileType = sourcecode.swift; path = Refeicao.swift; sourceTree = "<group>"; };
		1BE2AD742591134E00E888ED /* Item.swift */ = {isa = PBXFileReference; lastKnownFileType = sourcecode.swift; path = Item.swift; sourceTree = "<group>"; };
		1BF5AA1D259142F000AF8DE6 /* RefeicoesTableViewController.swift */ = {isa = PBXFileReference; lastKnownFileType = sourcecode.swift; path = RefeicoesTableViewController.swift; sourceTree = "<group>"; };
/* End PBXFileReference section */

/* Begin PBXFrameworksBuildPhase section */
		1B7C863D258D124C0013917D /* Frameworks */ = {
			isa = PBXFrameworksBuildPhase;
			buildActionMask = 2147483647;
			files = (
			);
			runOnlyForDeploymentPostprocessing = 0;
		};
/* End PBXFrameworksBuildPhase section */

/* Begin PBXGroup section */
		1B7C8637258D124C0013917D = {
			isa = PBXGroup;
			children = (
				1B7C8642258D124C0013917D /* projeto-eggplant */,
				1B7C8641258D124C0013917D /* Products */,
			);
			sourceTree = "<group>";
		};
		1B7C8641258D124C0013917D /* Products */ = {
			isa = PBXGroup;
			children = (
				1B7C8640258D124C0013917D /* projeto-eggplant.app */,
			);
			name = Products;
			sourceTree = "<group>";
		};
		1B7C8642258D124C0013917D /* projeto-eggplant */ = {
			isa = PBXGroup;
			children = (
				1B7C8643258D124C0013917D /* AppDelegate.swift */,
				1BE2AD762591150F00E888ED /* Models */,
				1BE2AD772591157000E888ED /* Views */,
				1BE2AD782591158A00E888ED /* Controllers */,
				1B7C864A258D124F0013917D /* Assets.xcassets */,
				1B95147F258D1750004F90E7 /* MyPlayground.playground */,
				1B7C864C258D124F0013917D /* LaunchScreen.storyboard */,
				1B7C864F258D124F0013917D /* Info.plist */,
			);
			path = "projeto-eggplant";
			sourceTree = "<group>";
		};
		1BE2AD762591150F00E888ED /* Models */ = {
			isa = PBXGroup;
			children = (
				1BE2AD7225910E8600E888ED /* Refeicao.swift */,
				1BE2AD742591134E00E888ED /* Item.swift */,
				1B82805A2593D345009FD741 /* Alerta.swift */,
			);
			path = Models;
			sourceTree = "<group>";
		};
		1BE2AD772591157000E888ED /* Views */ = {
			isa = PBXGroup;
			children = (
				1B7C8647258D124C0013917D /* Main.storyboard */,
				1B8280572593686D009FD741 /* AdicionarItensViewController.xib */,
			);
			path = Views;
			sourceTree = "<group>";
		};
		1BE2AD782591158A00E888ED /* Controllers */ = {
			isa = PBXGroup;
			children = (
				1B7C8645258D124C0013917D /* ViewController.swift */,
				1BF5AA1D259142F000AF8DE6 /* RefeicoesTableViewController.swift */,
				1B8280562593686D009FD741 /* AdicionarItensViewController.swift */,
			);
			path = Controllers;
			sourceTree = "<group>";
		};
/* End PBXGroup section */

/* Begin PBXNativeTarget section */
		1B7C863F258D124C0013917D /* projeto-eggplant */ = {
			isa = PBXNativeTarget;
			buildConfigurationList = 1B7C8652258D124F0013917D /* Build configuration list for PBXNativeTarget "projeto-eggplant" */;
			buildPhases = (
				1B7C863C258D124C0013917D /* Sources */,
				1B7C863D258D124C0013917D /* Frameworks */,
				1B7C863E258D124C0013917D /* Resources */,
			);
			buildRules = (
			);
			dependencies = (
			);
			name = "projeto-eggplant";
			productName = "projeto-eggplant";
			productReference = 1B7C8640258D124C0013917D /* projeto-eggplant.app */;
			productType = "com.apple.product-type.application";
		};
/* End PBXNativeTarget section */

/* Begin PBXProject section */
		1B7C8638258D124C0013917D /* Project object */ = {
			isa = PBXProject;
			attributes = {
				LastSwiftUpdateCheck = 1010;
				LastUpgradeCheck = 1010;
				ORGANIZATIONNAME = "Gabriel Santos Souza";
				TargetAttributes = {
					1B7C863F258D124C0013917D = {
						CreatedOnToolsVersion = 10.1;
					};
				};
			};
			buildConfigurationList = 1B7C863B258D124C0013917D /* Build configuration list for PBXProject "projeto-eggplant" */;
			compatibilityVersion = "Xcode 9.3";
			developmentRegion = en;
			hasScannedForEncodings = 0;
			knownRegions = (
				en,
				Base,
			);
			mainGroup = 1B7C8637258D124C0013917D;
			productRefGroup = 1B7C8641258D124C0013917D /* Products */;
			projectDirPath = "";
			projectRoot = "";
			targets = (
				1B7C863F258D124C0013917D /* projeto-eggplant */,
			);
		};
/* End PBXProject section */

/* Begin PBXResourcesBuildPhase section */
		1B7C863E258D124C0013917D /* Resources */ = {
			isa = PBXResourcesBuildPhase;
			buildActionMask = 2147483647;
			files = (
				1B7C864E258D124F0013917D /* LaunchScreen.storyboard in Resources */,
				1B7C864B258D124F0013917D /* Assets.xcassets in Resources */,
				1B8280592593686D009FD741 /* AdicionarItensViewController.xib in Resources */,
				1B7C8649258D124C0013917D /* Main.storyboard in Resources */,
			);
			runOnlyForDeploymentPostprocessing = 0;
		};
/* End PBXResourcesBuildPhase section */

/* Begin PBXSourcesBuildPhase section */
		1B7C863C258D124C0013917D /* Sources */ = {
			isa = PBXSourcesBuildPhase;
			buildActionMask = 2147483647;
			files = (
				1BE2AD752591134E00E888ED /* Item.swift in Sources */,
				1B8280582593686D009FD741 /* AdicionarItensViewController.swift in Sources */,
				1B7C8646258D124C0013917D /* ViewController.swift in Sources */,
				1BF5AA1E259142F000AF8DE6 /* RefeicoesTableViewController.swift in Sources */,
				1BE2AD7325910E8600E888ED /* Refeicao.swift in Sources */,
				1B7C8644258D124C0013917D /* AppDelegate.swift in Sources */,
				1B82805B2593D345009FD741 /* Alerta.swift in Sources */,
			);
			runOnlyForDeploymentPostprocessing = 0;
		};
/* End PBXSourcesBuildPhase section */

/* Begin PBXVariantGroup section */
		1B7C8647258D124C0013917D /* Main.storyboard */ = {
			isa = PBXVariantGroup;
			children = (
				1B7C8648258D124C0013917D /* Base */,
			);
			name = Main.storyboard;
			sourceTree = "<group>";
		};
		1B7C864C258D124F0013917D /* LaunchScreen.storyboard */ = {
			isa = PBXVariantGroup;
			children = (
				1B7C864D258D124F0013917D /* Base */,
			);
			name = LaunchScreen.storyboard;
			sourceTree = "<group>";
		};
/* End PBXVariantGroup section */

/* Begin XCBuildConfiguration section */
		1B7C8650258D124F0013917D /* Debug */ = {
			isa = XCBuildConfiguration;
			buildSettings = {
				ALWAYS_SEARCH_USER_PATHS = NO;
				CLANG_ANALYZER_NONNULL = YES;
				CLANG_ANALYZER_NUMBER_OBJECT_CONVERSION = YES_AGGRESSIVE;
				CLANG_CXX_LANGUAGE_STANDARD = "gnu++14";
				CLANG_CXX_LIBRARY = "libc++";
				CLANG_ENABLE_MODULES = YES;
				CLANG_ENABLE_OBJC_ARC = YES;
				CLANG_ENABLE_OBJC_WEAK = YES;
				CLANG_WARN_BLOCK_CAPTURE_AUTORELEASING = YES;
				CLANG_WARN_BOOL_CONVERSION = YES;
				CLANG_WARN_COMMA = YES;
				CLANG_WARN_CONSTANT_CONVERSION = YES;
				CLANG_WARN_DEPRECATED_OBJC_IMPLEMENTATIONS = YES;
				CLANG_WARN_DIRECT_OBJC_ISA_USAGE = YES_ERROR;
				CLANG_WARN_DOCUMENTATION_COMMENTS = YES;
				CLANG_WARN_EMPTY_BODY = YES;
				CLANG_WARN_ENUM_CONVERSION = YES;
				CLANG_WARN_INFINITE_RECURSION = YES;
				CLANG_WARN_INT_CONVERSION = YES;
				CLANG_WARN_NON_LITERAL_NULL_CONVERSION = YES;
				CLANG_WARN_OBJC_IMPLICIT_RETAIN_SELF = YES;
				CLANG_WARN_OBJC_LITERAL_CONVERSION = YES;
				CLANG_WARN_OBJC_ROOT_CLASS = YES_ERROR;
				CLANG_WARN_RANGE_LOOP_ANALYSIS = YES;
				CLANG_WARN_STRICT_PROTOTYPES = YES;
				CLANG_WARN_SUSPICIOUS_MOVE = YES;
				CLANG_WARN_UNGUARDED_AVAILABILITY = YES_AGGRESSIVE;
				CLANG_WARN_UNREACHABLE_CODE = YES;
				CLANG_WARN__DUPLICATE_METHOD_MATCH = YES;
				CODE_SIGN_IDENTITY = "iPhone Developer";
				COPY_PHASE_STRIP = NO;
				DEBUG_INFORMATION_FORMAT = dwarf;
				ENABLE_STRICT_OBJC_MSGSEND = YES;
				ENABLE_TESTABILITY = YES;
				GCC_C_LANGUAGE_STANDARD = gnu11;
				GCC_DYNAMIC_NO_PIC = NO;
				GCC_NO_COMMON_BLOCKS = YES;
				GCC_OPTIMIZATION_LEVEL = 0;
				GCC_PREPROCESSOR_DEFINITIONS = (
					"DEBUG=1",
					"$(inherited)",
				);
				GCC_WARN_64_TO_32_BIT_CONVERSION = YES;
				GCC_WARN_ABOUT_RETURN_TYPE = YES_ERROR;
				GCC_WARN_UNDECLARED_SELECTOR = YES;
				GCC_WARN_UNINITIALIZED_AUTOS = YES_AGGRESSIVE;
				GCC_WARN_UNUSED_FUNCTION = YES;
				GCC_WARN_UNUSED_VARIABLE = YES;
				IPHONEOS_DEPLOYMENT_TARGET = 12.1;
				MTL_ENABLE_DEBUG_INFO = INCLUDE_SOURCE;
				MTL_FAST_MATH = YES;
				ONLY_ACTIVE_ARCH = YES;
				SDKROOT = iphoneos;
				SWIFT_ACTIVE_COMPILATION_CONDITIONS = DEBUG;
				SWIFT_OPTIMIZATION_LEVEL = "-Onone";
			};
			name = Debug;
		};
		1B7C8651258D124F0013917D /* Release */ = {
			isa = XCBuildConfiguration;
			buildSettings = {
				ALWAYS_SEARCH_USER_PATHS = NO;
				CLANG_ANALYZER_NONNULL = YES;
				CLANG_ANALYZER_NUMBER_OBJECT_CONVERSION = YES_AGGRESSIVE;
				CLANG_CXX_LANGUAGE_STANDARD = "gnu++14";
				CLANG_CXX_LIBRARY = "libc++";
				CLANG_ENABLE_MODULES = YES;
				CLANG_ENABLE_OBJC_ARC = YES;
				CLANG_ENABLE_OBJC_WEAK = YES;
				CLANG_WARN_BLOCK_CAPTURE_AUTORELEASING = YES;
				CLANG_WARN_BOOL_CONVERSION = YES;
				CLANG_WARN_COMMA = YES;
				CLANG_WARN_CONSTANT_CONVERSION = YES;
				CLANG_WARN_DEPRECATED_OBJC_IMPLEMENTATIONS = YES;
				CLANG_WARN_DIRECT_OBJC_ISA_USAGE = YES_ERROR;
				CLANG_WARN_DOCUMENTATION_COMMENTS = YES;
				CLANG_WARN_EMPTY_BODY = YES;
				CLANG_WARN_ENUM_CONVERSION = YES;
				CLANG_WARN_INFINITE_RECURSION = YES;
				CLANG_WARN_INT_CONVERSION = YES;
				CLANG_WARN_NON_LITERAL_NULL_CONVERSION = YES;
				CLANG_WARN_OBJC_IMPLICIT_RETAIN_SELF = YES;
				CLANG_WARN_OBJC_LITERAL_CONVERSION = YES;
				CLANG_WARN_OBJC_ROOT_CLASS = YES_ERROR;
				CLANG_WARN_RANGE_LOOP_ANALYSIS = YES;
				CLANG_WARN_STRICT_PROTOTYPES = YES;
				CLANG_WARN_SUSPICIOUS_MOVE = YES;
				CLANG_WARN_UNGUARDED_AVAILABILITY = YES_AGGRESSIVE;
				CLANG_WARN_UNREACHABLE_CODE = YES;
				CLANG_WARN__DUPLICATE_METHOD_MATCH = YES;
				CODE_SIGN_IDENTITY = "iPhone Developer";
				COPY_PHASE_STRIP = NO;
				DEBUG_INFORMATION_FORMAT = "dwarf-with-dsym";
				ENABLE_NS_ASSERTIONS = NO;
				ENABLE_STRICT_OBJC_MSGSEND = YES;
				GCC_C_LANGUAGE_STANDARD = gnu11;
				GCC_NO_COMMON_BLOCKS = YES;
				GCC_WARN_64_TO_32_BIT_CONVERSION = YES;
				GCC_WARN_ABOUT_RETURN_TYPE = YES_ERROR;
				GCC_WARN_UNDECLARED_SELECTOR = YES;
				GCC_WARN_UNINITIALIZED_AUTOS = YES_AGGRESSIVE;
				GCC_WARN_UNUSED_FUNCTION = YES;
				GCC_WARN_UNUSED_VARIABLE = YES;
				IPHONEOS_DEPLOYMENT_TARGET = 12.1;
				MTL_ENABLE_DEBUG_INFO = NO;
				MTL_FAST_MATH = YES;
				SDKROOT = iphoneos;
				SWIFT_COMPILATION_MODE = wholemodule;
				SWIFT_OPTIMIZATION_LEVEL = "-O";
				VALIDATE_PRODUCT = YES;
			};
			name = Release;
		};
		1B7C8653258D124F0013917D /* Debug */ = {
			isa = XCBuildConfiguration;
			buildSettings = {
				ASSETCATALOG_COMPILER_APPICON_NAME = AppIcon;
				CODE_SIGN_STYLE = Automatic;
				INFOPLIST_FILE = "projeto-eggplant/Info.plist";
				LD_RUNPATH_SEARCH_PATHS = (
					"$(inherited)",
					"@executable_path/Frameworks",
				);
				PRODUCT_BUNDLE_IDENTIFIER = "br.com.everis.projeto-eggplant";
				PRODUCT_NAME = "$(TARGET_NAME)";
				SWIFT_VERSION = 4.2;
				TARGETED_DEVICE_FAMILY = "1,2";
			};
			name = Debug;
		};
		1B7C8654258D124F0013917D /* Release */ = {
			isa = XCBuildConfiguration;
			buildSettings = {
				ASSETCATALOG_COMPILER_APPICON_NAME = AppIcon;
				CODE_SIGN_STYLE = Automatic;
				INFOPLIST_FILE = "projeto-eggplant/Info.plist";
				LD_RUNPATH_SEARCH_PATHS = (
					"$(inherited)",
					"@executable_path/Frameworks",
				);
				PRODUCT_BUNDLE_IDENTIFIER = "br.com.everis.projeto-eggplant";
				PRODUCT_NAME = "$(TARGET_NAME)";
				SWIFT_VERSION = 4.2;
				TARGETED_DEVICE_FAMILY = "1,2";
			};
			name = Release;
		};
/* End XCBuildConfiguration section */

/* Begin XCConfigurationList section */
		1B7C863B258D124C0013917D /* Build configuration list for PBXProject "projeto-eggplant" */ = {
			isa = XCConfigurationList;
			buildConfigurations = (
				1B7C8650258D124F0013917D /* Debug */,
				1B7C8651258D124F0013917D /* Release */,
			);
			defaultConfigurationIsVisible = 0;
			defaultConfigurationName = Release;
		};
		1B7C8652258D124F0013917D /* Build configuration list for PBXNativeTarget "projeto-eggplant" */ = {
			isa = XCConfigurationList;
			buildConfigurations = (
				1B7C8653258D124F0013917D /* Debug */,
				1B7C8654258D124F0013917D /* Release */,
			);
			defaultConfigurationIsVisible = 0;
			defaultConfigurationName = Release;
		};
/* End XCConfigurationList section */
	};
	rootObject = 1B7C8638258D124C0013917D /* Project object */;
}
